
Microsoft Visual Studio Solution File, Format Version 12.00
# Visual Studio Version 17
VisualStudioVersion = 17.0.31903.59
MinimumVisualStudioVersion = 10.0.40219.1
Project("{FAE04EC0-301F-11D3-BF4B-00C04F79EFBC}") = "QT1", "QT1\QT1.csproj", "{2AD20B17-3F8A-4667-8A47-305C6FD3D2D1}"
EndProject
Project("{FAE04EC0-301F-11D3-BF4B-00C04F79EFBC}") = "QT2", "QT2\QT2.csproj", "{91CDDC5E-91C3-4A43-93AC-54905A0EBCEB}"
EndProject
Project("{FAE04EC0-301F-11D3-BF4B-00C04F79EFBC}") = "QT3", "QT3\QT3.csproj", "{127138F8-CD26-49A4-9EF8-C47DFEA7F286}"
EndProject
Project("{FAE04EC0-301F-11D3-BF4B-00C04F79EFBC}") = "QT4", "QT4\QT4.csproj", "{14170F09-18C8-4A56-AA7A-3911FE05B91A}"
EndProject
Project("{FAE04EC0-301F-11D3-BF4B-00C04F79EFBC}") = "QT5", "QT5\QT5.csproj", "{C87E4209-6EC3-4E78-B841-A5D3C6CC2AB0}"
EndProject
Project("{FAE04EC0-301F-11D3-BF4B-00C04F79EFBC}") = "QT6", "QT6\QT6.csproj", "{8463D58A-B8A4-4647-8223-A4A49A0465D8}"
EndProject
Project("{FAE04EC0-301F-11D3-BF4B-00C04F79EFBC}") = "QT7", "QT7\QT7.csproj", "{D5A97F0A-17E8-4C7A-8774-032745F5A4A4}"
EndProject
Project("{FAE04EC0-301F-11D3-BF4B-00C04F79EFBC}") = "QT8", "QT8\QT8.csproj", "{D11B4FCF-9DF1-46CB-B31C-E394AABCFCC9}"
EndProject
Project("{FAE04EC0-301F-11D3-BF4B-00C04F79EFBC}") = "QT9", "QT9\QT9.csproj", "{3ADA3499-A417-4BEF-B646-D9CCCA9A74D2}"
EndProject
Project("{FAE04EC0-301F-11D3-BF4B-00C04F79EFBC}") = "QT10", "QT10\QT10.csproj", "{3EACA149-2B29-40BD-838F-8D9584444237}"
EndProject
Global
	GlobalSection(SolutionConfigurationPlatforms) = preSolution
		Debug|Any CPU = Debug|Any CPU
		Release|Any CPU = Release|Any CPU
	EndGlobalSection
	GlobalSection(SolutionProperties) = preSolution
		HideSolutionNode = FALSE
	EndGlobalSection
	GlobalSection(ProjectConfigurationPlatforms) = postSolution
		{2AD20B17-3F8A-4667-8A47-305C6FD3D2D1}.Debug|Any CPU.ActiveCfg = Debug|Any CPU
		{2AD20B17-3F8A-4667-8A47-305C6FD3D2D1}.Debug|Any CPU.Build.0 = Debug|Any CPU
		{2AD20B17-3F8A-4667-8A47-305C6FD3D2D1}.Release|Any CPU.ActiveCfg = Release|Any CPU
		{2AD20B17-3F8A-4667-8A47-305C6FD3D2D1}.Release|Any CPU.Build.0 = Release|Any CPU
		{91CDDC5E-91C3-4A43-93AC-54905A0EBCEB}.Debug|Any CPU.ActiveCfg = Debug|Any CPU
		{91CDDC5E-91C3-4A43-93AC-54905A0EBCEB}.Debug|Any CPU.Build.0 = Debug|Any CPU
		{91CDDC5E-91C3-4A43-93AC-54905A0EBCEB}.Release|Any CPU.ActiveCfg = Release|Any CPU
		{91CDDC5E-91C3-4A43-93AC-54905A0EBCEB}.Release|Any CPU.Build.0 = Release|Any CPU
		{127138F8-CD26-49A4-9EF8-C47DFEA7F286}.Debug|Any CPU.ActiveCfg = Debug|Any CPU
		{127138F8-CD26-49A4-9EF8-C47DFEA7F286}.Debug|Any CPU.Build.0 = Debug|Any CPU
		{127138F8-CD26-49A4-9EF8-C47DFEA7F286}.Release|Any CPU.ActiveCfg = Release|Any CPU
		{127138F8-CD26-49A4-9EF8-C47DFEA7F286}.Release|Any CPU.Build.0 = Release|Any CPU
		{14170F09-18C8-4A56-AA7A-3911FE05B91A}.Debug|Any CPU.ActiveCfg = Debug|Any CPU
		{14170F09-18C8-4A56-AA7A-3911FE05B91A}.Debug|Any CPU.Build.0 = Debug|Any CPU
		{14170F09-18C8-4A56-AA7A-3911FE05B91A}.Release|Any CPU.ActiveCfg = Release|Any CPU
		{14170F09-18C8-4A56-AA7A-3911FE05B91A}.Release|Any CPU.Build.0 = Release|Any CPU
		{C87E4209-6EC3-4E78-B841-A5D3C6CC2AB0}.Debug|Any CPU.ActiveCfg = Debug|Any CPU
		{C87E4209-6EC3-4E78-B841-A5D3C6CC2AB0}.Debug|Any CPU.Build.0 = Debug|Any CPU
		{C87E4209-6EC3-4E78-B841-A5D3C6CC2AB0}.Release|Any CPU.ActiveCfg = Release|Any CPU
		{C87E4209-6EC3-4E78-B841-A5D3C6CC2AB0}.Release|Any CPU.Build.0 = Release|Any CPU
		{8463D58A-B8A4-4647-8223-A4A49A0465D8}.Debug|Any CPU.ActiveCfg = Debug|Any CPU
		{8463D58A-B8A4-4647-8223-A4A49A0465D8}.Debug|Any CPU.Build.0 = Debug|Any CPU
		{8463D58A-B8A4-4647-8223-A4A49A0465D8}.Release|Any CPU.ActiveCfg = Release|Any CPU
		{8463D58A-B8A4-4647-8223-A4A49A0465D8}.Release|Any CPU.Build.0 = Release|Any CPU
		{D5A97F0A-17E8-4C7A-8774-032745F5A4A4}.Debug|Any CPU.ActiveCfg = Debug|Any CPU
		{D5A97F0A-17E8-4C7A-8774-032745F5A4A4}.Debug|Any CPU.Build.0 = Debug|Any CPU
		{D5A97F0A-17E8-4C7A-8774-032745F5A4A4}.Release|Any CPU.ActiveCfg = Release|Any CPU
		{D5A97F0A-17E8-4C7A-8774-032745F5A4A4}.Release|Any CPU.Build.0 = Release|Any CPU
		{D11B4FCF-9DF1-46CB-B31C-E394AABCFCC9}.Debug|Any CPU.ActiveCfg = Debug|Any CPU
		{D11B4FCF-9DF1-46CB-B31C-E394AABCFCC9}.Debug|Any CPU.Build.0 = Debug|Any CPU
		{D11B4FCF-9DF1-46CB-B31C-E394AABCFCC9}.Release|Any CPU.ActiveCfg = Release|Any CPU
		{D11B4FCF-9DF1-46CB-B31C-E394AABCFCC9}.Release|Any CPU.Build.0 = Release|Any CPU
		{3ADA3499-A417-4BEF-B646-D9CCCA9A74D2}.Debug|Any CPU.ActiveCfg = Debug|Any CPU
		{3ADA3499-A417-4BEF-B646-D9CCCA9A74D2}.Debug|Any CPU.Build.0 = Debug|Any CPU
		{3ADA3499-A417-4BEF-B646-D9CCCA9A74D2}.Release|Any CPU.ActiveCfg = Release|Any CPU
		{3ADA3499-A417-4BEF-B646-D9CCCA9A74D2}.Release|Any CPU.Build.0 = Release|Any CPU
		{3EACA149-2B29-40BD-838F-8D9584444237}.Debug|Any CPU.ActiveCfg = Debug|Any CPU
		{3EACA149-2B29-40BD-838F-8D9584444237}.Debug|Any CPU.Build.0 = Debug|Any CPU
		{3EACA149-2B29-40BD-838F-8D9584444237}.Release|Any CPU.ActiveCfg = Release|Any CPU
		{3EACA149-2B29-40BD-838F-8D9584444237}.Release|Any CPU.Build.0 = Release|Any CPU
	EndGlobalSection
EndGlobal
